
Microsoft Visual Studio Solution File, Format Version 12.00
# Visual Studio 15
VisualStudioVersion = 15.0.28307.757
MinimumVisualStudioVersion = 10.0.40219.1
Project("{FAE04EC0-301F-11D3-BF4B-00C04F79EFBC}") = "AcceptanceTests", "AcceptanceTests\AcceptanceTests.csproj", "{36525FF2-14E8-46CB-AD93-2A85C303F899}"
EndProject
Global
	GlobalSection(SolutionConfigurationPlatforms) = preSolution
		Debug|Any CPU = Debug|Any CPU
		Release|Any CPU = Release|Any CPU
	EndGlobalSection
	GlobalSection(ProjectConfigurationPlatforms) = postSolution
		{36525FF2-14E8-46CB-AD93-2A85C303F899}.Debug|Any CPU.ActiveCfg = Debug|Any CPU
		{36525FF2-14E8-46CB-AD93-2A85C303F899}.Debug|Any CPU.Build.0 = Debug|Any CPU
		{36525FF2-14E8-46CB-AD93-2A85C303F899}.Release|Any CPU.ActiveCfg = Release|Any CPU
		{36525FF2-14E8-46CB-AD93-2A85C303F899}.Release|Any CPU.Build.0 = Release|Any CPU
	EndGlobalSection
	GlobalSection(SolutionProperties) = preSolution
		HideSolutionNode = FALSE
	EndGlobalSection
	GlobalSection(ExtensibilityGlobals) = postSolution
		SolutionGuid = {8D5D93E8-6CC7-4734-B7F8-388FE01B61AD}
	EndGlobalSection
EndGlobal
